
Microsoft Visual Studio Solution File, Format Version 12.00
# Visual Studio Version 16
VisualStudioVersion = 16.0.30804.86
MinimumVisualStudioVersion = 10.0.40219.1
Project("{8BC9CEB8-8B4A-11D0-8D11-00A0C91BC942}") = "就近匹配", "就近匹配.vcxproj", "{83DFDD3C-7A6C-4914-90EA-A2449A900F0F}"
EndProject
Project("{8BC9CEB8-8B4A-11D0-8D11-00A0C91BC942}") = "中缀表达式转后缀表达式", "..\中缀表达式转后缀表达式\中缀表达式转后缀表达式.vcxproj", "{2EB9FCB0-4B81-4A6F-8CD6-1C97E0BFEDBF}"
EndProject
Project("{8BC9CEB8-8B4A-11D0-8D11-00A0C91BC942}") = "后缀表达式求值", "..\后缀表达式求值\后缀表达式求值.vcxproj", "{31A9E101-3695-4361-94FB-15C0F5250766}"
EndProject
Project("{8BC9CEB8-8B4A-11D0-8D11-00A0C91BC942}") = "03 二叉树_递归遍历", "..\03 二叉树_递归遍历\03 二叉树_递归遍历.vcxproj", "{8CEC9DFF-0355-4CF2-AE8C-8D469613B6BA}"
EndProject
Project("{8BC9CEB8-8B4A-11D0-8D11-00A0C91BC942}") = "05 二叉树_求叶子节点数", "..\05 二叉树_求叶子节点数\05 二叉树_求叶子节点数.vcxproj", "{26A383D5-FDF7-4B0A-8D4B-EEECF66945D7}"
EndProject
Project("{8BC9CEB8-8B4A-11D0-8D11-00A0C91BC942}") = "06 二叉树_求高度", "..\06 二叉树_求高度\06 二叉树_求高度.vcxproj", "{F16468A9-9B2C-4D29-BDD7-F809D42B321B}"
EndProject
Project("{8BC9CEB8-8B4A-11D0-8D11-00A0C91BC942}") = "07 二叉树_拷贝", "..\07 二叉树_拷贝\07 二叉树_拷贝.vcxproj", "{8BD73F09-C424-471E-B8C1-DE4415BD4F56}"
EndProject
Project("{8BC9CEB8-8B4A-11D0-8D11-00A0C91BC942}") = "04 二叉树_非递归遍历", "..\04 二叉树_非递归遍历\04 二叉树_非递归遍历.vcxproj", "{447B55C9-2865-45CC-BAB9-AA7EFA726E25}"
EndProject
Project("{8BC9CEB8-8B4A-11D0-8D11-00A0C91BC942}") = "09 二叉树_创建", "..\09 二叉树_创建\09 二叉树_创建.vcxproj", "{87436A68-942F-4C2C-B327-4F7A6CB2633C}"
EndProject
Global
	GlobalSection(SolutionConfigurationPlatforms) = preSolution
		Debug|x64 = Debug|x64
		Debug|x86 = Debug|x86
		Release|x64 = Release|x64
		Release|x86 = Release|x86
	EndGlobalSection
	GlobalSection(ProjectConfigurationPlatforms) = postSolution
		{83DFDD3C-7A6C-4914-90EA-A2449A900F0F}.Debug|x64.ActiveCfg = Debug|x64
		{83DFDD3C-7A6C-4914-90EA-A2449A900F0F}.Debug|x64.Build.0 = Debug|x64
		{83DFDD3C-7A6C-4914-90EA-A2449A900F0F}.Debug|x86.ActiveCfg = Debug|Win32
		{83DFDD3C-7A6C-4914-90EA-A2449A900F0F}.Debug|x86.Build.0 = Debug|Win32
		{83DFDD3C-7A6C-4914-90EA-A2449A900F0F}.Release|x64.ActiveCfg = Release|x64
		{83DFDD3C-7A6C-4914-90EA-A2449A900F0F}.Release|x64.Build.0 = Release|x64
		{83DFDD3C-7A6C-4914-90EA-A2449A900F0F}.Release|x86.ActiveCfg = Release|Win32
		{83DFDD3C-7A6C-4914-90EA-A2449A900F0F}.Release|x86.Build.0 = Release|Win32
		{2EB9FCB0-4B81-4A6F-8CD6-1C97E0BFEDBF}.Debug|x64.ActiveCfg = Debug|x64
		{2EB9FCB0-4B81-4A6F-8CD6-1C97E0BFEDBF}.Debug|x64.Build.0 = Debug|x64
		{2EB9FCB0-4B81-4A6F-8CD6-1C97E0BFEDBF}.Debug|x86.ActiveCfg = Debug|Win32
		{2EB9FCB0-4B81-4A6F-8CD6-1C97E0BFEDBF}.Debug|x86.Build.0 = Debug|Win32
		{2EB9FCB0-4B81-4A6F-8CD6-1C97E0BFEDBF}.Release|x64.ActiveCfg = Release|x64
		{2EB9FCB0-4B81-4A6F-8CD6-1C97E0BFEDBF}.Release|x64.Build.0 = Release|x64
		{2EB9FCB0-4B81-4A6F-8CD6-1C97E0BFEDBF}.Release|x86.ActiveCfg = Release|Win32
		{2EB9FCB0-4B81-4A6F-8CD6-1C97E0BFEDBF}.Release|x86.Build.0 = Release|Win32
		{31A9E101-3695-4361-94FB-15C0F5250766}.Debug|x64.ActiveCfg = Debug|x64
		{31A9E101-3695-4361-94FB-15C0F5250766}.Debug|x64.Build.0 = Debug|x64
		{31A9E101-3695-4361-94FB-15C0F5250766}.Debug|x86.ActiveCfg = Debug|Win32
		{31A9E101-3695-4361-94FB-15C0F5250766}.Debug|x86.Build.0 = Debug|Win32
		{31A9E101-3695-4361-94FB-15C0F5250766}.Release|x64.ActiveCfg = Release|x64
		{31A9E101-3695-4361-94FB-15C0F5250766}.Release|x64.Build.0 = Release|x64
		{31A9E101-3695-4361-94FB-15C0F5250766}.Release|x86.ActiveCfg = Release|Win32
		{31A9E101-3695-4361-94FB-15C0F5250766}.Release|x86.Build.0 = Release|Win32
		{8CEC9DFF-0355-4CF2-AE8C-8D469613B6BA}.Debug|x64.ActiveCfg = Debug|x64
		{8CEC9DFF-0355-4CF2-AE8C-8D469613B6BA}.Debug|x64.Build.0 = Debug|x64
		{8CEC9DFF-0355-4CF2-AE8C-8D469613B6BA}.Debug|x86.ActiveCfg = Debug|Win32
		{8CEC9DFF-0355-4CF2-AE8C-8D469613B6BA}.Debug|x86.Build.0 = Debug|Win32
		{8CEC9DFF-0355-4CF2-AE8C-8D469613B6BA}.Release|x64.ActiveCfg = Release|x64
		{8CEC9DFF-0355-4CF2-AE8C-8D469613B6BA}.Release|x64.Build.0 = Release|x64
		{8CEC9DFF-0355-4CF2-AE8C-8D469613B6BA}.Release|x86.ActiveCfg = Release|Win32
		{8CEC9DFF-0355-4CF2-AE8C-8D469613B6BA}.Release|x86.Build.0 = Release|Win32
		{26A383D5-FDF7-4B0A-8D4B-EEECF66945D7}.Debug|x64.ActiveCfg = Debug|x64
		{26A383D5-FDF7-4B0A-8D4B-EEECF66945D7}.Debug|x64.Build.0 = Debug|x64
		{26A383D5-FDF7-4B0A-8D4B-EEECF66945D7}.Debug|x86.ActiveCfg = Debug|Win32
		{26A383D5-FDF7-4B0A-8D4B-EEECF66945D7}.Debug|x86.Build.0 = Debug|Win32
		{26A383D5-FDF7-4B0A-8D4B-EEECF66945D7}.Release|x64.ActiveCfg = Release|x64
		{26A383D5-FDF7-4B0A-8D4B-EEECF66945D7}.Release|x64.Build.0 = Release|x64
		{26A383D5-FDF7-4B0A-8D4B-EEECF66945D7}.Release|x86.ActiveCfg = Release|Win32
		{26A383D5-FDF7-4B0A-8D4B-EEECF66945D7}.Release|x86.Build.0 = Release|Win32
		{F16468A9-9B2C-4D29-BDD7-F809D42B321B}.Debug|x64.ActiveCfg = Debug|x64
		{F16468A9-9B2C-4D29-BDD7-F809D42B321B}.Debug|x64.Build.0 = Debug|x64
		{F16468A9-9B2C-4D29-BDD7-F809D42B321B}.Debug|x86.ActiveCfg = Debug|Win32
		{F16468A9-9B2C-4D29-BDD7-F809D42B321B}.Debug|x86.Build.0 = Debug|Win32
		{F16468A9-9B2C-4D29-BDD7-F809D42B321B}.Release|x64.ActiveCfg = Release|x64
		{F16468A9-9B2C-4D29-BDD7-F809D42B321B}.Release|x64.Build.0 = Release|x64
		{F16468A9-9B2C-4D29-BDD7-F809D42B321B}.Release|x86.ActiveCfg = Release|Win32
		{F16468A9-9B2C-4D29-BDD7-F809D42B321B}.Release|x86.Build.0 = Release|Win32
		{8BD73F09-C424-471E-B8C1-DE4415BD4F56}.Debug|x64.ActiveCfg = Debug|x64
		{8BD73F09-C424-471E-B8C1-DE4415BD4F56}.Debug|x64.Build.0 = Debug|x64
		{8BD73F09-C424-471E-B8C1-DE4415BD4F56}.Debug|x86.ActiveCfg = Debug|Win32
		{8BD73F09-C424-471E-B8C1-DE4415BD4F56}.Debug|x86.Build.0 = Debug|Win32
		{8BD73F09-C424-471E-B8C1-DE4415BD4F56}.Release|x64.ActiveCfg = Release|x64
		{8BD73F09-C424-471E-B8C1-DE4415BD4F56}.Release|x64.Build.0 = Release|x64
		{8BD73F09-C424-471E-B8C1-DE4415BD4F56}.Release|x86.ActiveCfg = Release|Win32
		{8BD73F09-C424-471E-B8C1-DE4415BD4F56}.Release|x86.Build.0 = Release|Win32
		{447B55C9-2865-45CC-BAB9-AA7EFA726E25}.Debug|x64.ActiveCfg = Debug|x64
		{447B55C9-2865-45CC-BAB9-AA7EFA726E25}.Debug|x64.Build.0 = Debug|x64
		{447B55C9-2865-45CC-BAB9-AA7EFA726E25}.Debug|x86.ActiveCfg = Debug|Win32
		{447B55C9-2865-45CC-BAB9-AA7EFA726E25}.Debug|x86.Build.0 = Debug|Win32
		{447B55C9-2865-45CC-BAB9-AA7EFA726E25}.Release|x64.ActiveCfg = Release|x64
		{447B55C9-2865-45CC-BAB9-AA7EFA726E25}.Release|x64.Build.0 = Release|x64
		{447B55C9-2865-45CC-BAB9-AA7EFA726E25}.Release|x86.ActiveCfg = Release|Win32
		{447B55C9-2865-45CC-BAB9-AA7EFA726E25}.Release|x86.Build.0 = Release|Win32
		{87436A68-942F-4C2C-B327-4F7A6CB2633C}.Debug|x64.ActiveCfg = Debug|x64
		{87436A68-942F-4C2C-B327-4F7A6CB2633C}.Debug|x64.Build.0 = Debug|x64
		{87436A68-942F-4C2C-B327-4F7A6CB2633C}.Debug|x86.ActiveCfg = Debug|Win32
		{87436A68-942F-4C2C-B327-4F7A6CB2633C}.Debug|x86.Build.0 = Debug|Win32
		{87436A68-942F-4C2C-B327-4F7A6CB2633C}.Release|x64.ActiveCfg = Release|x64
		{87436A68-942F-4C2C-B327-4F7A6CB2633C}.Release|x64.Build.0 = Release|x64
		{87436A68-942F-4C2C-B327-4F7A6CB2633C}.Release|x86.ActiveCfg = Release|Win32
		{87436A68-942F-4C2C-B327-4F7A6CB2633C}.Release|x86.Build.0 = Release|Win32
	EndGlobalSection
	GlobalSection(SolutionProperties) = preSolution
		HideSolutionNode = FALSE
	EndGlobalSection
	GlobalSection(ExtensibilityGlobals) = postSolution
		SolutionGuid = {CE345C40-9CEB-4CA1-B643-6ACEC7A83A08}
	EndGlobalSection
EndGlobal
